
Microsoft Visual Studio Solution File, Format Version 12.00
# Visual Studio Version 17
VisualStudioVersion = 17.4.33103.184
MinimumVisualStudioVersion = 10.0.40219.1
Project("{FAE04EC0-301F-11D3-BF4B-00C04F79EFBC}") = "Practica2GIT-AERG2223", "Practica2GIT-AERG2223\Practica2GIT-AERG2223.csproj", "{B8354C88-9AB2-454A-AF19-D245924FCD7A}"
EndProject
Global
	GlobalSection(SolutionConfigurationPlatforms) = preSolution
		Debug|Any CPU = Debug|Any CPU
		Release|Any CPU = Release|Any CPU
	EndGlobalSection
	GlobalSection(ProjectConfigurationPlatforms) = postSolution
		{B8354C88-9AB2-454A-AF19-D245924FCD7A}.Debug|Any CPU.ActiveCfg = Debug|Any CPU
		{B8354C88-9AB2-454A-AF19-D245924FCD7A}.Debug|Any CPU.Build.0 = Debug|Any CPU
		{B8354C88-9AB2-454A-AF19-D245924FCD7A}.Release|Any CPU.ActiveCfg = Release|Any CPU
		{B8354C88-9AB2-454A-AF19-D245924FCD7A}.Release|Any CPU.Build.0 = Release|Any CPU
	EndGlobalSection
	GlobalSection(SolutionProperties) = preSolution
		HideSolutionNode = FALSE
	EndGlobalSection
	GlobalSection(ExtensibilityGlobals) = postSolution
		SolutionGuid = {38077940-BB9C-4732-ADB8-5DC289731D3F}
	EndGlobalSection
EndGlobal
